
Microsoft Visual Studio Solution File, Format Version 12.00
# Visual Studio Version 17
VisualStudioVersion = 17.5.33530.505
MinimumVisualStudioVersion = 10.0.40219.1
Project("{FAE04EC0-301F-11D3-BF4B-00C04F79EFBC}") = "Client", "Client\Client.csproj", "{911D3C41-6AE0-46A6-B608-DE4461A1BEAF}"
EndProject
Global
	GlobalSection(SolutionConfigurationPlatforms) = preSolution
		Debug|Any CPU = Debug|Any CPU
		Release|Any CPU = Release|Any CPU
	EndGlobalSection
	GlobalSection(ProjectConfigurationPlatforms) = postSolution
		{911D3C41-6AE0-46A6-B608-DE4461A1BEAF}.Debug|Any CPU.ActiveCfg = Debug|Any CPU
		{911D3C41-6AE0-46A6-B608-DE4461A1BEAF}.Debug|Any CPU.Build.0 = Debug|Any CPU
		{911D3C41-6AE0-46A6-B608-DE4461A1BEAF}.Release|Any CPU.ActiveCfg = Release|Any CPU
		{911D3C41-6AE0-46A6-B608-DE4461A1BEAF}.Release|Any CPU.Build.0 = Release|Any CPU
	EndGlobalSection
	GlobalSection(SolutionProperties) = preSolution
		HideSolutionNode = FALSE
	EndGlobalSection
	GlobalSection(ExtensibilityGlobals) = postSolution
		SolutionGuid = {D3167CB5-B221-4FEF-8CF6-DA89D998BD9F}
	EndGlobalSection
EndGlobal
